
Microsoft Visual Studio Solution File, Format Version 12.00
# Visual Studio Version 17
VisualStudioVersion = 17.14.36310.24 d17.14
MinimumVisualStudioVersion = 10.0.40219.1
Project("{FAE04EC0-301F-11D3-BF4B-00C04F79EFBC}") = "Prog7312_Poe", "Prog7312_Poe.csproj", "{9515E4E9-5E50-4C1A-99CF-C0B1D0148396}"
EndProject
Global
	GlobalSection(SolutionConfigurationPlatforms) = preSolution
		Debug|Any CPU = Debug|Any CPU
		Release|Any CPU = Release|Any CPU
	EndGlobalSection
	GlobalSection(ProjectConfigurationPlatforms) = postSolution
		{9515E4E9-5E50-4C1A-99CF-C0B1D0148396}.Debug|Any CPU.ActiveCfg = Debug|Any CPU
		{9515E4E9-5E50-4C1A-99CF-C0B1D0148396}.Debug|Any CPU.Build.0 = Debug|Any CPU
		{9515E4E9-5E50-4C1A-99CF-C0B1D0148396}.Release|Any CPU.ActiveCfg = Release|Any CPU
		{9515E4E9-5E50-4C1A-99CF-C0B1D0148396}.Release|Any CPU.Build.0 = Release|Any CPU
	EndGlobalSection
	GlobalSection(SolutionProperties) = preSolution
		HideSolutionNode = FALSE
	EndGlobalSection
	GlobalSection(ExtensibilityGlobals) = postSolution
		SolutionGuid = {ED689834-E6A8-4222-A245-2A5C0ECEEB6C}
	EndGlobalSection
EndGlobal
